
Microsoft Visual Studio Solution File, Format Version 12.00
# Visual Studio Version 17
VisualStudioVersion = 17.1.31911.260
MinimumVisualStudioVersion = 10.0.40219.1
Project("{2150E333-8FDC-42A3-9474-1A3956D46DE8}") = "src", "src", "{89089046-1E0B-4977-9D1F-6C54C6A8A28B}"
EndProject
Project("{9A19103F-16F7-4668-BE54-9A1E7A4F7556}") = "Awesome.Api", "src\Awesome.Api\Awesome.Api.csproj", "{8A1C3CAB-6826-473F-93C0-657FDD84D6CA}"
EndProject
Project("{9A19103F-16F7-4668-BE54-9A1E7A4F7556}") = "Awesome.Generators", "src\Awesome.Generators\Awesome.Generators.csproj", "{EF8A4598-C61A-4D00-A64C-B7E79EDE66AF}"
EndProject
Global
	GlobalSection(SolutionConfigurationPlatforms) = preSolution
		Debug|Any CPU = Debug|Any CPU
		Release|Any CPU = Release|Any CPU
	EndGlobalSection
	GlobalSection(ProjectConfigurationPlatforms) = postSolution
		{8A1C3CAB-6826-473F-93C0-657FDD84D6CA}.Debug|Any CPU.ActiveCfg = Debug|Any CPU
		{8A1C3CAB-6826-473F-93C0-657FDD84D6CA}.Debug|Any CPU.Build.0 = Debug|Any CPU
		{8A1C3CAB-6826-473F-93C0-657FDD84D6CA}.Release|Any CPU.ActiveCfg = Release|Any CPU
		{8A1C3CAB-6826-473F-93C0-657FDD84D6CA}.Release|Any CPU.Build.0 = Release|Any CPU
		{EF8A4598-C61A-4D00-A64C-B7E79EDE66AF}.Debug|Any CPU.ActiveCfg = Debug|Any CPU
		{EF8A4598-C61A-4D00-A64C-B7E79EDE66AF}.Debug|Any CPU.Build.0 = Debug|Any CPU
		{EF8A4598-C61A-4D00-A64C-B7E79EDE66AF}.Release|Any CPU.ActiveCfg = Release|Any CPU
		{EF8A4598-C61A-4D00-A64C-B7E79EDE66AF}.Release|Any CPU.Build.0 = Release|Any CPU
	EndGlobalSection
	GlobalSection(SolutionProperties) = preSolution
		HideSolutionNode = FALSE
	EndGlobalSection
	GlobalSection(NestedProjects) = preSolution
		{8A1C3CAB-6826-473F-93C0-657FDD84D6CA} = {89089046-1E0B-4977-9D1F-6C54C6A8A28B}
		{EF8A4598-C61A-4D00-A64C-B7E79EDE66AF} = {89089046-1E0B-4977-9D1F-6C54C6A8A28B}
	EndGlobalSection
	GlobalSection(ExtensibilityGlobals) = postSolution
		SolutionGuid = {369DF968-F451-4233-B5A4-B88B18B267B4}
	EndGlobalSection
EndGlobal
